
Microsoft Visual Studio Solution File, Format Version 12.00
# Visual Studio Version 17
VisualStudioVersion = 17.2.32616.157
MinimumVisualStudioVersion = 10.0.40219.1
Project("{FAE04EC0-301F-11D3-BF4B-00C04F79EFBC}") = "ProjetoParaEstudo.Core", "ProjetoParaEstudo.Core\ProjetoParaEstudo.Core.csproj", "{F7C3582B-82F8-4161-8A1C-E9EDC134BC2E}"
EndProject
Project("{FAE04EC0-301F-11D3-BF4B-00C04F79EFBC}") = "ProjetoParaEstudo.Domain", "ProjetoParaEstudo.Domain\ProjetoParaEstudo.Domain.csproj", "{A809A660-CA8F-4CA9-AEB8-502431FD8906}"
EndProject
Project("{FAE04EC0-301F-11D3-BF4B-00C04F79EFBC}") = "ProjetoParaEstudo.Application", "ProjetoParaEstudo.Application\ProjetoParaEstudo.Application.csproj", "{B3D0E930-3F39-43EB-AABF-EC579B4AB8DA}"
EndProject
Project("{FAE04EC0-301F-11D3-BF4B-00C04F79EFBC}") = "ProjetoParaEstudo.Data", "ProjetoParaEstudo.Data\ProjetoParaEstudo.Data.csproj", "{5147EACC-ACE9-4A79-BAB7-BFFEC4A7E8EE}"
EndProject
Project("{FAE04EC0-301F-11D3-BF4B-00C04F79EFBC}") = "ProjetoParaEstudo.Api", "ProjetoParaEstudo.Api\ProjetoParaEstudo.Api.csproj", "{3EE5764C-81D4-44BA-B8D3-A2E48073AE92}"
EndProject
Global
	GlobalSection(SolutionConfigurationPlatforms) = preSolution
		Debug|Any CPU = Debug|Any CPU
		Release|Any CPU = Release|Any CPU
	EndGlobalSection
	GlobalSection(ProjectConfigurationPlatforms) = postSolution
		{F7C3582B-82F8-4161-8A1C-E9EDC134BC2E}.Debug|Any CPU.ActiveCfg = Debug|Any CPU
		{F7C3582B-82F8-4161-8A1C-E9EDC134BC2E}.Debug|Any CPU.Build.0 = Debug|Any CPU
		{F7C3582B-82F8-4161-8A1C-E9EDC134BC2E}.Release|Any CPU.ActiveCfg = Release|Any CPU
		{F7C3582B-82F8-4161-8A1C-E9EDC134BC2E}.Release|Any CPU.Build.0 = Release|Any CPU
		{A809A660-CA8F-4CA9-AEB8-502431FD8906}.Debug|Any CPU.ActiveCfg = Debug|Any CPU
		{A809A660-CA8F-4CA9-AEB8-502431FD8906}.Debug|Any CPU.Build.0 = Debug|Any CPU
		{A809A660-CA8F-4CA9-AEB8-502431FD8906}.Release|Any CPU.ActiveCfg = Release|Any CPU
		{A809A660-CA8F-4CA9-AEB8-502431FD8906}.Release|Any CPU.Build.0 = Release|Any CPU
		{B3D0E930-3F39-43EB-AABF-EC579B4AB8DA}.Debug|Any CPU.ActiveCfg = Debug|Any CPU
		{B3D0E930-3F39-43EB-AABF-EC579B4AB8DA}.Debug|Any CPU.Build.0 = Debug|Any CPU
		{B3D0E930-3F39-43EB-AABF-EC579B4AB8DA}.Release|Any CPU.ActiveCfg = Release|Any CPU
		{B3D0E930-3F39-43EB-AABF-EC579B4AB8DA}.Release|Any CPU.Build.0 = Release|Any CPU
		{5147EACC-ACE9-4A79-BAB7-BFFEC4A7E8EE}.Debug|Any CPU.ActiveCfg = Debug|Any CPU
		{5147EACC-ACE9-4A79-BAB7-BFFEC4A7E8EE}.Debug|Any CPU.Build.0 = Debug|Any CPU
		{5147EACC-ACE9-4A79-BAB7-BFFEC4A7E8EE}.Release|Any CPU.ActiveCfg = Release|Any CPU
		{5147EACC-ACE9-4A79-BAB7-BFFEC4A7E8EE}.Release|Any CPU.Build.0 = Release|Any CPU
		{3EE5764C-81D4-44BA-B8D3-A2E48073AE92}.Debug|Any CPU.ActiveCfg = Debug|Any CPU
		{3EE5764C-81D4-44BA-B8D3-A2E48073AE92}.Debug|Any CPU.Build.0 = Debug|Any CPU
		{3EE5764C-81D4-44BA-B8D3-A2E48073AE92}.Release|Any CPU.ActiveCfg = Release|Any CPU
		{3EE5764C-81D4-44BA-B8D3-A2E48073AE92}.Release|Any CPU.Build.0 = Release|Any CPU
	EndGlobalSection
	GlobalSection(SolutionProperties) = preSolution
		HideSolutionNode = FALSE
	EndGlobalSection
	GlobalSection(ExtensibilityGlobals) = postSolution
		SolutionGuid = {D2A3324E-4485-480C-9C2E-0711E9F360C6}
	EndGlobalSection
EndGlobal
